
Microsoft Visual Studio Solution File, Format Version 12.00
# Visual Studio Version 17
VisualStudioVersion = 17.0.31903.59
MinimumVisualStudioVersion = 10.0.40219.1
Project("{2150E333-8FDC-42A3-9474-1A3956D46DE8}") = "src", "src", "{827E0CD3-B72D-47B6-A68D-7590B98EB39B}"
EndProject
Project("{FAE04EC0-301F-11D3-BF4B-00C04F79EFBC}") = "AsyncGuard", "src\AsyncGuard\AsyncGuard.csproj", "{69F92BB7-BCC3-46EE-AD35-B1E8EBC326DF}"
EndProject
Project("{2150E333-8FDC-42A3-9474-1A3956D46DE8}") = "tests", "tests", "{0AB3BF05-4346-4AA6-1389-037BE0695223}"
EndProject
Project("{FAE04EC0-301F-11D3-BF4B-00C04F79EFBC}") = "AsyncGuard.Tests", "tests\AsyncGuard.Tests\AsyncGuard.Tests.csproj", "{EFE85C7C-2D0C-4EF3-8FE7-C5925DF97711}"
EndProject
Project("{FAE04EC0-301F-11D3-BF4B-00C04F79EFBC}") = "AsyncGuard.Analyzers", "src\AsyncGuard.Analyzers\AsyncGuard.Analyzers.csproj", "{3042595F-FDE4-420E-8E68-93436FAE23CC}"
EndProject
Project("{FAE04EC0-301F-11D3-BF4B-00C04F79EFBC}") = "AsyncGuard.Analyzers.CodeFixes", "src\AsyncGuard.Analyzers.CodeFixes\AsyncGuard.Analyzers.CodeFixes.csproj", "{D895C342-18D2-41AC-A2E2-A8B8D44C21C4}"
EndProject
Global
	GlobalSection(SolutionConfigurationPlatforms) = preSolution
		Debug|Any CPU = Debug|Any CPU
		Debug|x64 = Debug|x64
		Debug|x86 = Debug|x86
		Release|Any CPU = Release|Any CPU
		Release|x64 = Release|x64
		Release|x86 = Release|x86
	EndGlobalSection
	GlobalSection(ProjectConfigurationPlatforms) = postSolution
		{69F92BB7-BCC3-46EE-AD35-B1E8EBC326DF}.Debug|Any CPU.ActiveCfg = Debug|Any CPU
		{69F92BB7-BCC3-46EE-AD35-B1E8EBC326DF}.Debug|Any CPU.Build.0 = Debug|Any CPU
		{69F92BB7-BCC3-46EE-AD35-B1E8EBC326DF}.Debug|x64.ActiveCfg = Debug|Any CPU
		{69F92BB7-BCC3-46EE-AD35-B1E8EBC326DF}.Debug|x64.Build.0 = Debug|Any CPU
		{69F92BB7-BCC3-46EE-AD35-B1E8EBC326DF}.Debug|x86.ActiveCfg = Debug|Any CPU
		{69F92BB7-BCC3-46EE-AD35-B1E8EBC326DF}.Debug|x86.Build.0 = Debug|Any CPU
		{69F92BB7-BCC3-46EE-AD35-B1E8EBC326DF}.Release|Any CPU.ActiveCfg = Release|Any CPU
		{69F92BB7-BCC3-46EE-AD35-B1E8EBC326DF}.Release|Any CPU.Build.0 = Release|Any CPU
		{69F92BB7-BCC3-46EE-AD35-B1E8EBC326DF}.Release|x64.ActiveCfg = Release|Any CPU
		{69F92BB7-BCC3-46EE-AD35-B1E8EBC326DF}.Release|x64.Build.0 = Release|Any CPU
		{69F92BB7-BCC3-46EE-AD35-B1E8EBC326DF}.Release|x86.ActiveCfg = Release|Any CPU
		{69F92BB7-BCC3-46EE-AD35-B1E8EBC326DF}.Release|x86.Build.0 = Release|Any CPU
		{EFE85C7C-2D0C-4EF3-8FE7-C5925DF97711}.Debug|Any CPU.ActiveCfg = Debug|Any CPU
		{EFE85C7C-2D0C-4EF3-8FE7-C5925DF97711}.Debug|Any CPU.Build.0 = Debug|Any CPU
		{EFE85C7C-2D0C-4EF3-8FE7-C5925DF97711}.Debug|x64.ActiveCfg = Debug|Any CPU
		{EFE85C7C-2D0C-4EF3-8FE7-C5925DF97711}.Debug|x64.Build.0 = Debug|Any CPU
		{EFE85C7C-2D0C-4EF3-8FE7-C5925DF97711}.Debug|x86.ActiveCfg = Debug|Any CPU
		{EFE85C7C-2D0C-4EF3-8FE7-C5925DF97711}.Debug|x86.Build.0 = Debug|Any CPU
		{EFE85C7C-2D0C-4EF3-8FE7-C5925DF97711}.Release|Any CPU.ActiveCfg = Release|Any CPU
		{EFE85C7C-2D0C-4EF3-8FE7-C5925DF97711}.Release|Any CPU.Build.0 = Release|Any CPU
		{EFE85C7C-2D0C-4EF3-8FE7-C5925DF97711}.Release|x64.ActiveCfg = Release|Any CPU
		{EFE85C7C-2D0C-4EF3-8FE7-C5925DF97711}.Release|x64.Build.0 = Release|Any CPU
		{EFE85C7C-2D0C-4EF3-8FE7-C5925DF97711}.Release|x86.ActiveCfg = Release|Any CPU
		{EFE85C7C-2D0C-4EF3-8FE7-C5925DF97711}.Release|x86.Build.0 = Release|Any CPU
		{3042595F-FDE4-420E-8E68-93436FAE23CC}.Debug|Any CPU.ActiveCfg = Debug|Any CPU
		{3042595F-FDE4-420E-8E68-93436FAE23CC}.Debug|Any CPU.Build.0 = Debug|Any CPU
		{3042595F-FDE4-420E-8E68-93436FAE23CC}.Debug|x64.ActiveCfg = Debug|Any CPU
		{3042595F-FDE4-420E-8E68-93436FAE23CC}.Debug|x64.Build.0 = Debug|Any CPU
		{3042595F-FDE4-420E-8E68-93436FAE23CC}.Debug|x86.ActiveCfg = Debug|Any CPU
		{3042595F-FDE4-420E-8E68-93436FAE23CC}.Debug|x86.Build.0 = Debug|Any CPU
		{3042595F-FDE4-420E-8E68-93436FAE23CC}.Release|Any CPU.ActiveCfg = Release|Any CPU
		{3042595F-FDE4-420E-8E68-93436FAE23CC}.Release|Any CPU.Build.0 = Release|Any CPU
		{3042595F-FDE4-420E-8E68-93436FAE23CC}.Release|x64.ActiveCfg = Release|Any CPU
		{3042595F-FDE4-420E-8E68-93436FAE23CC}.Release|x64.Build.0 = Release|Any CPU
		{3042595F-FDE4-420E-8E68-93436FAE23CC}.Release|x86.ActiveCfg = Release|Any CPU
		{3042595F-FDE4-420E-8E68-93436FAE23CC}.Release|x86.Build.0 = Release|Any CPU
		{D895C342-18D2-41AC-A2E2-A8B8D44C21C4}.Debug|Any CPU.ActiveCfg = Debug|Any CPU
		{D895C342-18D2-41AC-A2E2-A8B8D44C21C4}.Debug|Any CPU.Build.0 = Debug|Any CPU
		{D895C342-18D2-41AC-A2E2-A8B8D44C21C4}.Debug|x64.ActiveCfg = Debug|Any CPU
		{D895C342-18D2-41AC-A2E2-A8B8D44C21C4}.Debug|x64.Build.0 = Debug|Any CPU
		{D895C342-18D2-41AC-A2E2-A8B8D44C21C4}.Debug|x86.ActiveCfg = Debug|Any CPU
		{D895C342-18D2-41AC-A2E2-A8B8D44C21C4}.Debug|x86.Build.0 = Debug|Any CPU
		{D895C342-18D2-41AC-A2E2-A8B8D44C21C4}.Release|Any CPU.ActiveCfg = Release|Any CPU
		{D895C342-18D2-41AC-A2E2-A8B8D44C21C4}.Release|Any CPU.Build.0 = Release|Any CPU
		{D895C342-18D2-41AC-A2E2-A8B8D44C21C4}.Release|x64.ActiveCfg = Release|Any CPU
		{D895C342-18D2-41AC-A2E2-A8B8D44C21C4}.Release|x64.Build.0 = Release|Any CPU
		{D895C342-18D2-41AC-A2E2-A8B8D44C21C4}.Release|x86.ActiveCfg = Release|Any CPU
		{D895C342-18D2-41AC-A2E2-A8B8D44C21C4}.Release|x86.Build.0 = Release|Any CPU
	EndGlobalSection
	GlobalSection(SolutionProperties) = preSolution
		HideSolutionNode = FALSE
	EndGlobalSection
	GlobalSection(NestedProjects) = preSolution
		{69F92BB7-BCC3-46EE-AD35-B1E8EBC326DF} = {827E0CD3-B72D-47B6-A68D-7590B98EB39B}
		{EFE85C7C-2D0C-4EF3-8FE7-C5925DF97711} = {0AB3BF05-4346-4AA6-1389-037BE0695223}
		{3042595F-FDE4-420E-8E68-93436FAE23CC} = {827E0CD3-B72D-47B6-A68D-7590B98EB39B}
		{D895C342-18D2-41AC-A2E2-A8B8D44C21C4} = {827E0CD3-B72D-47B6-A68D-7590B98EB39B}
	EndGlobalSection
EndGlobal
